
Microsoft Visual Studio Solution File, Format Version 12.00
# Visual Studio Version 16
VisualStudioVersion = 16.0.29215.179
MinimumVisualStudioVersion = 10.0.40219.1
Project("{FAE04EC0-301F-11D3-BF4B-00C04F79EFBC}") = "CarPool", "CarPool\CarPool.csproj", "{94A96573-5F8B-48E7-B197-79DDB5A0308B}"
EndProject
Project("{FAE04EC0-301F-11D3-BF4B-00C04F79EFBC}") = "Service", "Service\Service.csproj", "{FA4BDA83-4912-4C46-B51E-2CCD10CE0FE6}"
EndProject
Project("{FAE04EC0-301F-11D3-BF4B-00C04F79EFBC}") = "Model", "Model\Model.csproj", "{C1CEBA27-C9C1-4B3D-A4CB-8A44D3D9821F}"
EndProject
Project("{FAE04EC0-301F-11D3-BF4B-00C04F79EFBC}") = "Utility", "Utility\Utility.csproj", "{5FD1D0FC-E068-4AEB-9BD1-A8B1C7E0265F}"
EndProject
Global
	GlobalSection(SolutionConfigurationPlatforms) = preSolution
		Debug|Any CPU = Debug|Any CPU
		Release|Any CPU = Release|Any CPU
	EndGlobalSection
	GlobalSection(ProjectConfigurationPlatforms) = postSolution
		{94A96573-5F8B-48E7-B197-79DDB5A0308B}.Debug|Any CPU.ActiveCfg = Debug|Any CPU
		{94A96573-5F8B-48E7-B197-79DDB5A0308B}.Debug|Any CPU.Build.0 = Debug|Any CPU
		{94A96573-5F8B-48E7-B197-79DDB5A0308B}.Release|Any CPU.ActiveCfg = Release|Any CPU
		{94A96573-5F8B-48E7-B197-79DDB5A0308B}.Release|Any CPU.Build.0 = Release|Any CPU
		{FA4BDA83-4912-4C46-B51E-2CCD10CE0FE6}.Debug|Any CPU.ActiveCfg = Debug|Any CPU
		{FA4BDA83-4912-4C46-B51E-2CCD10CE0FE6}.Debug|Any CPU.Build.0 = Debug|Any CPU
		{FA4BDA83-4912-4C46-B51E-2CCD10CE0FE6}.Release|Any CPU.ActiveCfg = Release|Any CPU
		{FA4BDA83-4912-4C46-B51E-2CCD10CE0FE6}.Release|Any CPU.Build.0 = Release|Any CPU
		{C1CEBA27-C9C1-4B3D-A4CB-8A44D3D9821F}.Debug|Any CPU.ActiveCfg = Debug|Any CPU
		{C1CEBA27-C9C1-4B3D-A4CB-8A44D3D9821F}.Debug|Any CPU.Build.0 = Debug|Any CPU
		{C1CEBA27-C9C1-4B3D-A4CB-8A44D3D9821F}.Release|Any CPU.ActiveCfg = Release|Any CPU
		{C1CEBA27-C9C1-4B3D-A4CB-8A44D3D9821F}.Release|Any CPU.Build.0 = Release|Any CPU
		{5FD1D0FC-E068-4AEB-9BD1-A8B1C7E0265F}.Debug|Any CPU.ActiveCfg = Debug|Any CPU
		{5FD1D0FC-E068-4AEB-9BD1-A8B1C7E0265F}.Debug|Any CPU.Build.0 = Debug|Any CPU
		{5FD1D0FC-E068-4AEB-9BD1-A8B1C7E0265F}.Release|Any CPU.ActiveCfg = Release|Any CPU
		{5FD1D0FC-E068-4AEB-9BD1-A8B1C7E0265F}.Release|Any CPU.Build.0 = Release|Any CPU
	EndGlobalSection
	GlobalSection(SolutionProperties) = preSolution
		HideSolutionNode = FALSE
	EndGlobalSection
	GlobalSection(ExtensibilityGlobals) = postSolution
		SolutionGuid = {5F348DA5-B573-4644-8E4C-56DF224BD3B6}
	EndGlobalSection
EndGlobal
